# This file is automatically @generated by Cargo.
# It is not intended for manual editing.
version = 4

[[package]]
name = "hookbox"
version = "0.1.0"

[[package]]
name = "hookbox-cli"
version = "0.1.0"
dependencies = [
 "hookbox",
 "hookbox-postgres",
 "hookbox-providers",
 "hookbox-server",
]

[[package]]
name = "hookbox-postgres"
version = "0.1.0"
dependencies = [
 "hookbox",
]

[[package]]
name = "hookbox-providers"
version = "0.1.0"
dependencies = [
 "hookbox",
]

[[package]]
name = "hookbox-server"
version = "0.1.0"
dependencies = [
 "hookbox",
 "hookbox-postgres",
 "hookbox-providers",
]
